
Microsoft Visual Studio Solution File, Format Version 12.00
# Visual Studio Version 16
VisualStudioVersion = 16.0.30804.86
MinimumVisualStudioVersion = 10.0.40219.1
Project("{9A19103F-16F7-4668-BE54-9A1E7A4F7556}") = "ACM.BL", "ACM.BL\ACM.BL.csproj", "{39C5CEDC-85B6-4EB2-9422-06D4E988D6BC}"
EndProject
Project("{2150E333-8FDC-42A3-9474-1A3956D46DE8}") = "Tests", "Tests", "{30FBBE6C-C7B9-444D-BCF4-45ED8F60D853}"
EndProject
Project("{9A19103F-16F7-4668-BE54-9A1E7A4F7556}") = "ACM.BLTest", "Tests\ACM.BLTest\ACM.BLTest.csproj", "{C0C21C91-6257-43CC-A349-E9E60258921A}"
EndProject
Project("{FAE04EC0-301F-11D3-BF4B-00C04F79EFBC}") = "Acme.common", "Acme.common\Acme.common.csproj", "{181EFE3C-64CC-40D7-8729-0F99DE574E6A}"
EndProject
Project("{FAE04EC0-301F-11D3-BF4B-00C04F79EFBC}") = "Acme.commonTest", "Acme.commonTest\Acme.commonTest.csproj", "{35D01E38-7F90-4C16-8365-CEA01D1B3743}"
EndProject
Global
	GlobalSection(SolutionConfigurationPlatforms) = preSolution
		Debug|Any CPU = Debug|Any CPU
		Release|Any CPU = Release|Any CPU
	EndGlobalSection
	GlobalSection(ProjectConfigurationPlatforms) = postSolution
		{39C5CEDC-85B6-4EB2-9422-06D4E988D6BC}.Debug|Any CPU.ActiveCfg = Debug|Any CPU
		{39C5CEDC-85B6-4EB2-9422-06D4E988D6BC}.Debug|Any CPU.Build.0 = Debug|Any CPU
		{39C5CEDC-85B6-4EB2-9422-06D4E988D6BC}.Release|Any CPU.ActiveCfg = Release|Any CPU
		{39C5CEDC-85B6-4EB2-9422-06D4E988D6BC}.Release|Any CPU.Build.0 = Release|Any CPU
		{C0C21C91-6257-43CC-A349-E9E60258921A}.Debug|Any CPU.ActiveCfg = Debug|Any CPU
		{C0C21C91-6257-43CC-A349-E9E60258921A}.Debug|Any CPU.Build.0 = Debug|Any CPU
		{C0C21C91-6257-43CC-A349-E9E60258921A}.Release|Any CPU.ActiveCfg = Release|Any CPU
		{C0C21C91-6257-43CC-A349-E9E60258921A}.Release|Any CPU.Build.0 = Release|Any CPU
		{181EFE3C-64CC-40D7-8729-0F99DE574E6A}.Debug|Any CPU.ActiveCfg = Debug|Any CPU
		{181EFE3C-64CC-40D7-8729-0F99DE574E6A}.Debug|Any CPU.Build.0 = Debug|Any CPU
		{181EFE3C-64CC-40D7-8729-0F99DE574E6A}.Release|Any CPU.ActiveCfg = Release|Any CPU
		{181EFE3C-64CC-40D7-8729-0F99DE574E6A}.Release|Any CPU.Build.0 = Release|Any CPU
		{35D01E38-7F90-4C16-8365-CEA01D1B3743}.Debug|Any CPU.ActiveCfg = Debug|Any CPU
		{35D01E38-7F90-4C16-8365-CEA01D1B3743}.Debug|Any CPU.Build.0 = Debug|Any CPU
		{35D01E38-7F90-4C16-8365-CEA01D1B3743}.Release|Any CPU.ActiveCfg = Release|Any CPU
		{35D01E38-7F90-4C16-8365-CEA01D1B3743}.Release|Any CPU.Build.0 = Release|Any CPU
	EndGlobalSection
	GlobalSection(SolutionProperties) = preSolution
		HideSolutionNode = FALSE
	EndGlobalSection
	GlobalSection(NestedProjects) = preSolution
		{C0C21C91-6257-43CC-A349-E9E60258921A} = {30FBBE6C-C7B9-444D-BCF4-45ED8F60D853}
		{35D01E38-7F90-4C16-8365-CEA01D1B3743} = {30FBBE6C-C7B9-444D-BCF4-45ED8F60D853}
	EndGlobalSection
	GlobalSection(ExtensibilityGlobals) = postSolution
		SolutionGuid = {17C26D65-BC1B-4B6B-9293-CDAA65477507}
	EndGlobalSection
EndGlobal
